
Microsoft Visual Studio Solution File, Format Version 12.00
# Visual Studio Version 16
VisualStudioVersion = 16.0.29728.190
MinimumVisualStudioVersion = 10.0.40219.1
Project("{FAE04EC0-301F-11D3-BF4B-00C04F79EFBC}") = "TBM", "TBM\TBM.csproj", "{4999D19A-623D-4F7A-9E3F-C7248002D770}"
EndProject
Global
	GlobalSection(SolutionConfigurationPlatforms) = preSolution
		Debug|Any CPU = Debug|Any CPU
		Release|Any CPU = Release|Any CPU
	EndGlobalSection
	GlobalSection(ProjectConfigurationPlatforms) = postSolution
		{4999D19A-623D-4F7A-9E3F-C7248002D770}.Debug|Any CPU.ActiveCfg = Debug|Any CPU
		{4999D19A-623D-4F7A-9E3F-C7248002D770}.Debug|Any CPU.Build.0 = Debug|Any CPU
		{4999D19A-623D-4F7A-9E3F-C7248002D770}.Release|Any CPU.ActiveCfg = Release|Any CPU
		{4999D19A-623D-4F7A-9E3F-C7248002D770}.Release|Any CPU.Build.0 = Release|Any CPU
	EndGlobalSection
	GlobalSection(SolutionProperties) = preSolution
		HideSolutionNode = FALSE
	EndGlobalSection
	GlobalSection(ExtensibilityGlobals) = postSolution
		SolutionGuid = {D3655E4B-D690-417F-B5DE-ADA38F398814}
	EndGlobalSection
EndGlobal
